{
  "name": "cea-sign",
  "version": "1.0.12",
  "lockfileVersion": 2,
  "requires": true,
  "packages": {
    "": {
      "name": "cea-sign",
      "version": "1.0.12",
      "license": "ISC",
      "dependencies": {
        "cea": "^1.0.12"
      }
    },
    "node_modules/cea": {
      "version": "1.0.12",
      "resolved": "https://registry.npmjs.org/cea/-/cea-1.0.12.tgz",
      "integrity": "sha512-UZhslXGp8+mvJwckPGx7+/bGB7RU9r+VI5p87Z7fBrL8Fb/YTlj5fQPEllxorVutpNJ7P+B6rmAF8kueL757Bw=="
    }
  },
  "dependencies": {
    "cea": {
      "version": "1.0.12",
      "resolved": "https://registry.npmjs.org/cea/-/cea-1.0.12.tgz",
      "integrity": "sha512-UZhslXGp8+mvJwckPGx7+/bGB7RU9r+VI5p87Z7fBrL8Fb/YTlj5fQPEllxorVutpNJ7P+B6rmAF8kueL757Bw=="
    }
  }
}
